
Microsoft Visual Studio Solution File, Format Version 12.00
# Visual Studio Version 16
VisualStudioVersion = 16.0.30413.136
MinimumVisualStudioVersion = 10.0.40219.1
Project("{FAE04EC0-301F-11D3-BF4B-00C04F79EFBC}") = "AllegroMonitor", "AllegroMonitor\AllegroMonitor.csproj", "{ED69C80D-676D-43F4-8D65-6296F1222F63}"
EndProject
Project("{FAE04EC0-301F-11D3-BF4B-00C04F79EFBC}") = "AllegroMonitorClassLibrary", "AllegroMonitorClassLibrary\AllegroMonitorClassLibrary.csproj", "{46E0AC42-8132-4BF2-8391-F541050EFA87}"
EndProject
Global
	GlobalSection(SolutionConfigurationPlatforms) = preSolution
		Debug|Any CPU = Debug|Any CPU
		Release|Any CPU = Release|Any CPU
	EndGlobalSection
	GlobalSection(ProjectConfigurationPlatforms) = postSolution
		{ED69C80D-676D-43F4-8D65-6296F1222F63}.Debug|Any CPU.ActiveCfg = Debug|Any CPU
		{ED69C80D-676D-43F4-8D65-6296F1222F63}.Debug|Any CPU.Build.0 = Debug|Any CPU
		{ED69C80D-676D-43F4-8D65-6296F1222F63}.Release|Any CPU.ActiveCfg = Release|Any CPU
		{ED69C80D-676D-43F4-8D65-6296F1222F63}.Release|Any CPU.Build.0 = Release|Any CPU
		{46E0AC42-8132-4BF2-8391-F541050EFA87}.Debug|Any CPU.ActiveCfg = Debug|Any CPU
		{46E0AC42-8132-4BF2-8391-F541050EFA87}.Debug|Any CPU.Build.0 = Debug|Any CPU
		{46E0AC42-8132-4BF2-8391-F541050EFA87}.Release|Any CPU.ActiveCfg = Release|Any CPU
		{46E0AC42-8132-4BF2-8391-F541050EFA87}.Release|Any CPU.Build.0 = Release|Any CPU
	EndGlobalSection
	GlobalSection(SolutionProperties) = preSolution
		HideSolutionNode = FALSE
	EndGlobalSection
	GlobalSection(ExtensibilityGlobals) = postSolution
		SolutionGuid = {58F92FBD-4552-46A1-89D9-06430C34D822}
	EndGlobalSection
EndGlobal
